// !$*UTF8*$!
{
	archiveVersion = 1;
	classes = {
	};
	objectVersion = 46;
	objects = {

/* Begin PBXBuildFile section */
		0958C7461E2B27200054757C /* Question.swift in Sources */ = {isa = PBXBuildFile; fileRef = 0958C7451E2B27200054757C /* Question.swift */; };
		097F03631E25A6C000070F69 /* AppDelegate.swift in Sources */ = {isa = PBXBuildFile; fileRef = 097F03621E25A6C000070F69 /* AppDelegate.swift */; };
		097F03651E25A6C000070F69 /* ViewController.swift in Sources */ = {isa = PBXBuildFile; fileRef = 097F03641E25A6C000070F69 /* ViewController.swift */; };
		097F03681E25A6C000070F69 /* Main.storyboard in Resources */ = {isa = PBXBuildFile; fileRef = 097F03661E25A6C000070F69 /* Main.storyboard */; };
		097F036A1E25A6C000070F69 /* Images.xcassets in Resources */ = {isa = PBXBuildFile; fileRef = 097F03691E25A6C000070F69 /* Images.xcassets */; };
		097F036D1E25A6C000070F69 /* LaunchScreen.xib in Resources */ = {isa = PBXBuildFile; fileRef = 097F036B1E25A6C000070F69 /* LaunchScreen.xib */; };
		097F03791E25A6C000070F69 /* TriviaTests.swift in Sources */ = {isa = PBXBuildFile; fileRef = 097F03781E25A6C000070F69 /* TriviaTests.swift */; };
/* End PBXBuildFile section */

/* Begin PBXContainerItemProxy section */
		097F03731E25A6C000070F69 /* PBXContainerItemProxy */ = {
			isa = PBXContainerItemProxy;
			containerPortal = 097F03551E25A6C000070F69 /* Project object */;
			proxyType = 1;
			remoteGlobalIDString = 097F035C1E25A6C000070F69;
			remoteInfo = Trivia;
		};
/* End PBXContainerItemProxy section */

/* Begin PBXFileReference section */
		0958C7451E2B27200054757C /* Question.swift */ = {isa = PBXFileReference; fileEncoding = 4; lastKnownFileType = sourcecode.swift; path = Question.swift; sourceTree = "<group>"; };
		097F035D1E25A6C000070F69 /* Trivia.app */ = {isa = PBXFileReference; explicitFileType = wrapper.application; includeInIndex = 0; path = Trivia.app; sourceTree = BUILT_PRODUCTS_DIR; };
		097F03611E25A6C000070F69 /* Info.plist */ = {isa = PBXFileReference; lastKnownFileType = text.plist.xml; path = Info.plist; sourceTree = "<group>"; };
		097F03621E25A6C000070F69 /* AppDelegate.swift */ = {isa = PBXFileReference; lastKnownFileType = sourcecode.swift; path = AppDelegate.swift; sourceTree = "<group>"; };
		097F03641E25A6C000070F69 /* ViewController.swift */ = {isa = PBXFileReference; lastKnownFileType = sourcecode.swift; path = ViewController.swift; sourceTree = "<group>"; };
		097F03671E25A6C000070F69 /* Base */ = {isa = PBXFileReference; lastKnownFileType = file.storyboard; name = Base; path = Base.lproj/Main.storyboard; sourceTree = "<group>"; };
		097F03691E25A6C000070F69 /* Images.xcassets */ = {isa = PBXFileReference; lastKnownFileType = folder.assetcatalog; path = Images.xcassets; sourceTree = "<group>"; };
		097F036C1E25A6C000070F69 /* Base */ = {isa = PBXFileReference; lastKnownFileType = file.xib; name = Base; path = Base.lproj/LaunchScreen.xib; sourceTree = "<group>"; };
		097F03721E25A6C000070F69 /* TriviaTests.xctest */ = {isa = PBXFileReference; explicitFileType = wrapper.cfbundle; includeInIndex = 0; path = TriviaTests.xctest; sourceTree = BUILT_PRODUCTS_DIR; };
		097F03771E25A6C000070F69 /* Info.plist */ = {isa = PBXFileReference; lastKnownFileType = text.plist.xml; path = Info.plist; sourceTree = "<group>"; };
		097F03781E25A6C000070F69 /* TriviaTests.swift */ = {isa = PBXFileReference; lastKnownFileType = sourcecode.swift; path = TriviaTests.swift; sourceTree = "<group>"; };
/* End PBXFileReference section */

/* Begin PBXFrameworksBuildPhase section */
		097F035A1E25A6C000070F69 /* Frameworks */ = {
			isa = PBXFrameworksBuildPhase;
			buildActionMask = 2147483647;
			files = (
			);
			runOnlyForDeploymentPostprocessing = 0;
		};
		097F036F1E25A6C000070F69 /* Frameworks */ = {
			isa = PBXFrameworksBuildPhase;
			buildActionMask = 2147483647;
			files = (
			);
			runOnlyForDeploymentPostprocessing = 0;
		};
/* End PBXFrameworksBuildPhase section */

/* Begin PBXGroup section */
		097F03541E25A6C000070F69 = {
			isa = PBXGroup;
			children = (
				097F035F1E25A6C000070F69 /* Trivia */,
				097F03751E25A6C000070F69 /* TriviaTests */,
				097F035E1E25A6C000070F69 /* Products */,
			);
			sourceTree = "<group>";
		};
		097F035E1E25A6C000070F69 /* Products */ = {
			isa = PBXGroup;
			children = (
				097F035D1E25A6C000070F69 /* Trivia.app */,
				097F03721E25A6C000070F69 /* TriviaTests.xctest */,
			);
			name = Products;
			sourceTree = "<group>";
		};
		097F035F1E25A6C000070F69 /* Trivia */ = {
			isa = PBXGroup;
			children = (
				097F03621E25A6C000070F69 /* AppDelegate.swift */,
				097F03641E25A6C000070F69 /* ViewController.swift */,
				097F03661E25A6C000070F69 /* Main.storyboard */,
				0958C7451E2B27200054757C /* Question.swift */,
				097F03691E25A6C000070F69 /* Images.xcassets */,
				097F036B1E25A6C000070F69 /* LaunchScreen.xib */,
				097F03601E25A6C000070F69 /* Supporting Files */,
			);
			path = Trivia;
			sourceTree = "<group>";
		};
		097F03601E25A6C000070F69 /* Supporting Files */ = {
			isa = PBXGroup;
			children = (
				097F03611E25A6C000070F69 /* Info.plist */,
			);
			name = "Supporting Files";
			sourceTree = "<group>";
		};
		097F03751E25A6C000070F69 /* TriviaTests */ = {
			isa = PBXGroup;
			children = (
				097F03781E25A6C000070F69 /* TriviaTests.swift */,
				097F03761E25A6C000070F69 /* Supporting Files */,
			);
			path = TriviaTests;
			sourceTree = "<group>";
		};
		097F03761E25A6C000070F69 /* Supporting Files */ = {
			isa = PBXGroup;
			children = (
				097F03771E25A6C000070F69 /* Info.plist */,
			);
			name = "Supporting Files";
			sourceTree = "<group>";
		};
/* End PBXGroup section */

/* Begin PBXNativeTarget section */
		097F035C1E25A6C000070F69 /* Trivia */ = {
			isa = PBXNativeTarget;
			buildConfigurationList = 097F037C1E25A6C000070F69 /* Build configuration list for PBXNativeTarget "Trivia" */;
			buildPhases = (
				097F03591E25A6C000070F69 /* Sources */,
				097F035A1E25A6C000070F69 /* Frameworks */,
				097F035B1E25A6C000070F69 /* Resources */,
			);
			buildRules = (
			);
			dependencies = (
			);
			name = Trivia;
			productName = Trivia;
			productReference = 097F035D1E25A6C000070F69 /* Trivia.app */;
			productType = "com.apple.product-type.application";
		};
		097F03711E25A6C000070F69 /* TriviaTests */ = {
			isa = PBXNativeTarget;
			buildConfigurationList = 097F037F1E25A6C000070F69 /* Build configuration list for PBXNativeTarget "TriviaTests" */;
			buildPhases = (
				097F036E1E25A6C000070F69 /* Sources */,
				097F036F1E25A6C000070F69 /* Frameworks */,
				097F03701E25A6C000070F69 /* Resources */,
			);
			buildRules = (
			);
			dependencies = (
				097F03741E25A6C000070F69 /* PBXTargetDependency */,
			);
			name = TriviaTests;
			productName = TriviaTests;
			productReference = 097F03721E25A6C000070F69 /* TriviaTests.xctest */;
			productType = "com.apple.product-type.bundle.unit-test";
		};
/* End PBXNativeTarget section */

/* Begin PBXProject section */
		097F03551E25A6C000070F69 /* Project object */ = {
			isa = PBXProject;
			attributes = {
				LastUpgradeCheck = 0600;
				ORGANIZATIONNAME = "Michael Haley";
				TargetAttributes = {
					097F035C1E25A6C000070F69 = {
						CreatedOnToolsVersion = 6.0.1;
					};
					097F03711E25A6C000070F69 = {
						CreatedOnToolsVersion = 6.0.1;
						TestTargetID = 097F035C1E25A6C000070F69;
					};
				};
			};
			buildConfigurationList = 097F03581E25A6C000070F69 /* Build configuration list for PBXProject "Trivia" */;
			compatibilityVersion = "Xcode 3.2";
			developmentRegion = English;
			hasScannedForEncodings = 0;
			knownRegions = (
				en,
				Base,
			);
			mainGroup = 097F03541E25A6C000070F69;
			productRefGroup = 097F035E1E25A6C000070F69 /* Products */;
			projectDirPath = "";
			projectRoot = "";
			targets = (
				097F035C1E25A6C000070F69 /* Trivia */,
				097F03711E25A6C000070F69 /* TriviaTests */,
			);
		};
/* End PBXProject section */

/* Begin PBXResourcesBuildPhase section */
		097F035B1E25A6C000070F69 /* Resources */ = {
			isa = PBXResourcesBuildPhase;
			buildActionMask = 2147483647;
			files = (
				097F03681E25A6C000070F69 /* Main.storyboard in Resources */,
				097F036D1E25A6C000070F69 /* LaunchScreen.xib in Resources */,
				097F036A1E25A6C000070F69 /* Images.xcassets in Resources */,
			);
			runOnlyForDeploymentPostprocessing = 0;
		};
		097F03701E25A6C000070F69 /* Resources */ = {
			isa = PBXResourcesBuildPhase;
			buildActionMask = 2147483647;
			files = (
			);
			runOnlyForDeploymentPostprocessing = 0;
		};
/* End PBXResourcesBuildPhase section */

/* Begin PBXSourcesBuildPhase section */
		097F03591E25A6C000070F69 /* Sources */ = {
			isa = PBXSourcesBuildPhase;
			buildActionMask = 2147483647;
			files = (
				0958C7461E2B27200054757C /* Question.swift in Sources */,
				097F03651E25A6C000070F69 /* ViewController.swift in Sources */,
				097F03631E25A6C000070F69 /* AppDelegate.swift in Sources */,
			);
			runOnlyForDeploymentPostprocessing = 0;
		};
		097F036E1E25A6C000070F69 /* Sources */ = {
			isa = PBXSourcesBuildPhase;
			buildActionMask = 2147483647;
			files = (
				097F03791E25A6C000070F69 /* TriviaTests.swift in Sources */,
			);
			runOnlyForDeploymentPostprocessing = 0;
		};
/* End PBXSourcesBuildPhase section */

/* Begin PBXTargetDependency section */
		097F03741E25A6C000070F69 /* PBXTargetDependency */ = {
			isa = PBXTargetDependency;
			target = 097F035C1E25A6C000070F69 /* Trivia */;
			targetProxy = 097F03731E25A6C000070F69 /* PBXContainerItemProxy */;
		};
/* End PBXTargetDependency section */

/* Begin PBXVariantGroup section */
		097F03661E25A6C000070F69 /* Main.storyboard */ = {
			isa = PBXVariantGroup;
			children = (
				097F03671E25A6C000070F69 /* Base */,
			);
			name = Main.storyboard;
			sourceTree = "<group>";
		};
		097F036B1E25A6C000070F69 /* LaunchScreen.xib */ = {
			isa = PBXVariantGroup;
			children = (
				097F036C1E25A6C000070F69 /* Base */,
			);
			name = LaunchScreen.xib;
			sourceTree = "<group>";
		};
/* End PBXVariantGroup section */

/* Begin XCBuildConfiguration section */
		097F037A1E25A6C000070F69 /* Debug */ = {
			isa = XCBuildConfiguration;
			buildSettings = {
				ALWAYS_SEARCH_USER_PATHS = NO;
				CLANG_CXX_LANGUAGE_STANDARD = "gnu++0x";
				CLANG_CXX_LIBRARY = "libc++";
				CLANG_ENABLE_MODULES = YES;
				CLANG_ENABLE_OBJC_ARC = YES;
				CLANG_WARN_BOOL_CONVERSION = YES;
				CLANG_WARN_CONSTANT_CONVERSION = YES;
				CLANG_WARN_DIRECT_OBJC_ISA_USAGE = YES_ERROR;
				CLANG_WARN_EMPTY_BODY = YES;
				CLANG_WARN_ENUM_CONVERSION = YES;
				CLANG_WARN_INT_CONVERSION = YES;
				CLANG_WARN_OBJC_ROOT_CLASS = YES_ERROR;
				CLANG_WARN_UNREACHABLE_CODE = YES;
				CLANG_WARN__DUPLICATE_METHOD_MATCH = YES;
				"CODE_SIGN_IDENTITY[sdk=iphoneos*]" = "iPhone Developer";
				COPY_PHASE_STRIP = NO;
				ENABLE_STRICT_OBJC_MSGSEND = YES;
				GCC_C_LANGUAGE_STANDARD = gnu99;
				GCC_DYNAMIC_NO_PIC = NO;
				GCC_OPTIMIZATION_LEVEL = 0;
				GCC_PREPROCESSOR_DEFINITIONS = (
					"DEBUG=1",
					"$(inherited)",
				);
				GCC_SYMBOLS_PRIVATE_EXTERN = NO;
				GCC_WARN_64_TO_32_BIT_CONVERSION = YES;
				GCC_WARN_ABOUT_RETURN_TYPE = YES_ERROR;
				GCC_WARN_UNDECLARED_SELECTOR = YES;
				GCC_WARN_UNINITIALIZED_AUTOS = YES_AGGRESSIVE;
				GCC_WARN_UNUSED_FUNCTION = YES;
				GCC_WARN_UNUSED_VARIABLE = YES;
				IPHONEOS_DEPLOYMENT_TARGET = 8.0;
				MTL_ENABLE_DEBUG_INFO = YES;
				ONLY_ACTIVE_ARCH = YES;
				SDKROOT = iphoneos;
				SWIFT_OPTIMIZATION_LEVEL = "-Onone";
			};
			name = Debug;
		};
		097F037B1E25A6C000070F69 /* Release */ = {
			isa = XCBuildConfiguration;
			buildSettings = {
				ALWAYS_SEARCH_USER_PATHS = NO;
				CLANG_CXX_LANGUAGE_STANDARD = "gnu++0x";
				CLANG_CXX_LIBRARY = "libc++";
				CLANG_ENABLE_MODULES = YES;
				CLANG_ENABLE_OBJC_ARC = YES;
				CLANG_WARN_BOOL_CONVERSION = YES;
				CLANG_WARN_CONSTANT_CONVERSION = YES;
				CLANG_WARN_DIRECT_OBJC_ISA_USAGE = YES_ERROR;
				CLANG_WARN_EMPTY_BODY = YES;
				CLANG_WARN_ENUM_CONVERSION = YES;
				CLANG_WARN_INT_CONVERSION = YES;
				CLANG_WARN_OBJC_ROOT_CLASS = YES_ERROR;
				CLANG_WARN_UNREACHABLE_CODE = YES;
				CLANG_WARN__DUPLICATE_METHOD_MATCH = YES;
				"CODE_SIGN_IDENTITY[sdk=iphoneos*]" = "iPhone Developer";
				COPY_PHASE_STRIP = YES;
				ENABLE_NS_ASSERTIONS = NO;
				ENABLE_STRICT_OBJC_MSGSEND = YES;
				GCC_C_LANGUAGE_STANDARD = gnu99;
				GCC_WARN_64_TO_32_BIT_CONVERSION = YES;
				GCC_WARN_ABOUT_RETURN_TYPE = YES_ERROR;
				GCC_WARN_UNDECLARED_SELECTOR = YES;
				GCC_WARN_UNINITIALIZED_AUTOS = YES_AGGRESSIVE;
				GCC_WARN_UNUSED_FUNCTION = YES;
				GCC_WARN_UNUSED_VARIABLE = YES;
				IPHONEOS_DEPLOYMENT_TARGET = 8.0;
				MTL_ENABLE_DEBUG_INFO = NO;
				SDKROOT = iphoneos;
				VALIDATE_PRODUCT = YES;
			};
			name = Release;
		};
		097F037D1E25A6C000070F69 /* Debug */ = {
			isa = XCBuildConfiguration;
			buildSettings = {
				ASSETCATALOG_COMPILER_APPICON_NAME = AppIcon;
				INFOPLIST_FILE = Trivia/Info.plist;
				LD_RUNPATH_SEARCH_PATHS = "$(inherited) @executable_path/Frameworks";
				PRODUCT_NAME = "$(TARGET_NAME)";
			};
			name = Debug;
		};
		097F037E1E25A6C000070F69 /* Release */ = {
			isa = XCBuildConfiguration;
			buildSettings = {
				ASSETCATALOG_COMPILER_APPICON_NAME = AppIcon;
				INFOPLIST_FILE = Trivia/Info.plist;
				LD_RUNPATH_SEARCH_PATHS = "$(inherited) @executable_path/Frameworks";
				PRODUCT_NAME = "$(TARGET_NAME)";
			};
			name = Release;
		};
		097F03801E25A6C000070F69 /* Debug */ = {
			isa = XCBuildConfiguration;
			buildSettings = {
				BUNDLE_LOADER = "$(TEST_HOST)";
				FRAMEWORK_SEARCH_PATHS = (
					"$(SDKROOT)/Developer/Library/Frameworks",
					"$(inherited)",
				);
				GCC_PREPROCESSOR_DEFINITIONS = (
					"DEBUG=1",
					"$(inherited)",
				);
				INFOPLIST_FILE = TriviaTests/Info.plist;
				LD_RUNPATH_SEARCH_PATHS = "$(inherited) @executable_path/Frameworks @loader_path/Frameworks";
				PRODUCT_NAME = "$(TARGET_NAME)";
				TEST_HOST = "$(BUILT_PRODUCTS_DIR)/Trivia.app/Trivia";
			};
			name = Debug;
		};
		097F03811E25A6C000070F69 /* Release */ = {
			isa = XCBuildConfiguration;
			buildSettings = {
				BUNDLE_LOADER = "$(TEST_HOST)";
				FRAMEWORK_SEARCH_PATHS = (
					"$(SDKROOT)/Developer/Library/Frameworks",
					"$(inherited)",
				);
				INFOPLIST_FILE = TriviaTests/Info.plist;
				LD_RUNPATH_SEARCH_PATHS = "$(inherited) @executable_path/Frameworks @loader_path/Frameworks";
				PRODUCT_NAME = "$(TARGET_NAME)";
				TEST_HOST = "$(BUILT_PRODUCTS_DIR)/Trivia.app/Trivia";
			};
			name = Release;
		};
/* End XCBuildConfiguration section */

/* Begin XCConfigurationList section */
		097F03581E25A6C000070F69 /* Build configuration list for PBXProject "Trivia" */ = {
			isa = XCConfigurationList;
			buildConfigurations = (
				097F037A1E25A6C000070F69 /* Debug */,
				097F037B1E25A6C000070F69 /* Release */,
			);
			defaultConfigurationIsVisible = 0;
			defaultConfigurationName = Release;
		};
		097F037C1E25A6C000070F69 /* Build configuration list for PBXNativeTarget "Trivia" */ = {
			isa = XCConfigurationList;
			buildConfigurations = (
				097F037D1E25A6C000070F69 /* Debug */,
				097F037E1E25A6C000070F69 /* Release */,
			);
			defaultConfigurationIsVisible = 0;
			defaultConfigurationName = Release;
		};
		097F037F1E25A6C000070F69 /* Build configuration list for PBXNativeTarget "TriviaTests" */ = {
			isa = XCConfigurationList;
			buildConfigurations = (
				097F03801E25A6C000070F69 /* Debug */,
				097F03811E25A6C000070F69 /* Release */,
			);
			defaultConfigurationIsVisible = 0;
			defaultConfigurationName = Release;
		};
/* End XCConfigurationList section */
	};
	rootObject = 097F03551E25A6C000070F69 /* Project object */;
}
